
Microsoft Visual Studio Solution File, Format Version 12.00
# Visual Studio 15
VisualStudioVersion = 15.0.28010.2036
MinimumVisualStudioVersion = 10.0.40219.1
Project("{FAE04EC0-301F-11D3-BF4B-00C04F79EFBC}") = "ClinkedIn-MarthaStewart", "ClinkedIn-MarthaStewart\ClinkedIn-MarthaStewart.csproj", "{840CFCE8-432F-4D3C-AABB-C633020C7323}"
EndProject
Global
	GlobalSection(SolutionConfigurationPlatforms) = preSolution
		Debug|Any CPU = Debug|Any CPU
		Release|Any CPU = Release|Any CPU
	EndGlobalSection
	GlobalSection(ProjectConfigurationPlatforms) = postSolution
		{840CFCE8-432F-4D3C-AABB-C633020C7323}.Debug|Any CPU.ActiveCfg = Debug|Any CPU
		{840CFCE8-432F-4D3C-AABB-C633020C7323}.Debug|Any CPU.Build.0 = Debug|Any CPU
		{840CFCE8-432F-4D3C-AABB-C633020C7323}.Release|Any CPU.ActiveCfg = Release|Any CPU
		{840CFCE8-432F-4D3C-AABB-C633020C7323}.Release|Any CPU.Build.0 = Release|Any CPU
	EndGlobalSection
	GlobalSection(SolutionProperties) = preSolution
		HideSolutionNode = FALSE
	EndGlobalSection
	GlobalSection(ExtensibilityGlobals) = postSolution
		SolutionGuid = {0A68159D-9D33-46AC-9B41-189585C689F6}
	EndGlobalSection
EndGlobal
